// !$*UTF8*$!
{
	archiveVersion = 1;
	classes = {
	};
	objectVersion = 50;
	objects = {

/* Begin PBXBuildFile section */
		920F50FC229809D3000DC4E2 /* Utilites.swift in Sources */ = {isa = PBXBuildFile; fileRef = 920F50FB229809D3000DC4E2 /* Utilites.swift */; };
		925D754F228D337300ABD650 /* TextTableViewCell.swift in Sources */ = {isa = PBXBuildFile; fileRef = 925D754D228D337300ABD650 /* TextTableViewCell.swift */; };
		925D7550228D337300ABD650 /* TextTableViewCell.xib in Resources */ = {isa = PBXBuildFile; fileRef = 925D754E228D337300ABD650 /* TextTableViewCell.xib */; };
		925D7554228D465F00ABD650 /* TextFieldTableViewCell.swift in Sources */ = {isa = PBXBuildFile; fileRef = 925D7552228D465F00ABD650 /* TextFieldTableViewCell.swift */; };
		925D7555228D465F00ABD650 /* TextFieldTableViewCell.xib in Resources */ = {isa = PBXBuildFile; fileRef = 925D7553228D465F00ABD650 /* TextFieldTableViewCell.xib */; };
		926C2E102281C6BA001FC1D2 /* Extension+UIView.swift in Sources */ = {isa = PBXBuildFile; fileRef = 926C2E0F2281C6BA001FC1D2 /* Extension+UIView.swift */; };
		926C2E122281C9E9001FC1D2 /* Extensions+NSLayoutConstraint.swift in Sources */ = {isa = PBXBuildFile; fileRef = 926C2E112281C9E9001FC1D2 /* Extensions+NSLayoutConstraint.swift */; };
		926C2E182281DB07001FC1D2 /* InfoUserTableViewCell.swift in Sources */ = {isa = PBXBuildFile; fileRef = 926C2E162281DB07001FC1D2 /* InfoUserTableViewCell.swift */; };
		926C2E192281DB07001FC1D2 /* InfoUserTableViewCell.xib in Resources */ = {isa = PBXBuildFile; fileRef = 926C2E172281DB07001FC1D2 /* InfoUserTableViewCell.xib */; };
		9271393C228BFACD00CC441B /* HeaderTitleView.swift in Sources */ = {isa = PBXBuildFile; fileRef = 9271393B228BFACD00CC441B /* HeaderTitleView.swift */; };
		9271393E228BFB3E00CC441B /* HeaderTitleView.xib in Resources */ = {isa = PBXBuildFile; fileRef = 9271393D228BFB3E00CC441B /* HeaderTitleView.xib */; };
		92713940228BFF5300CC441B /* CellHeaderProtocol.swift in Sources */ = {isa = PBXBuildFile; fileRef = 9271393F228BFF5300CC441B /* CellHeaderProtocol.swift */; };
		9295BB22229D06A400050C91 /* StorageManager.swift in Sources */ = {isa = PBXBuildFile; fileRef = 9295BB21229D06A400050C91 /* StorageManager.swift */; };
		9295BB24229D596400050C91 /* AuthResult.swift in Sources */ = {isa = PBXBuildFile; fileRef = 9295BB23229D596300050C91 /* AuthResult.swift */; };
		9295BB2A229D60F200050C91 /* LoginViewController.swift in Sources */ = {isa = PBXBuildFile; fileRef = 9295BB28229D60F200050C91 /* LoginViewController.swift */; };
		9295BB2B229D60F200050C91 /* LoginViewController.xib in Resources */ = {isa = PBXBuildFile; fileRef = 9295BB29229D60F200050C91 /* LoginViewController.xib */; };
		9295BB2E229D651500050C91 /* TextField.swift in Sources */ = {isa = PBXBuildFile; fileRef = 9295BB2D229D651500050C91 /* TextField.swift */; };
		929BD5922297D3F0003B6B62 /* AuthManager.swift in Sources */ = {isa = PBXBuildFile; fileRef = 929BD5912297D3F0003B6B62 /* AuthManager.swift */; };
		92A4577E229D923F00D1C47D /* FeedViewController.swift in Sources */ = {isa = PBXBuildFile; fileRef = 92A4577C229D923F00D1C47D /* FeedViewController.swift */; };
		92A4577F229D923F00D1C47D /* FeedViewController.xib in Resources */ = {isa = PBXBuildFile; fileRef = 92A4577D229D923F00D1C47D /* FeedViewController.xib */; };
		92A45782229D940F00D1C47D /* UserHeaderView.xib in Resources */ = {isa = PBXBuildFile; fileRef = 92A45781229D940F00D1C47D /* UserHeaderView.xib */; };
		92A45784229D96A400D1C47D /* UserHeaderView.swift in Sources */ = {isa = PBXBuildFile; fileRef = 92A45783229D96A400D1C47D /* UserHeaderView.swift */; };
		92A8F884229C0DF100860804 /* CustomError.swift in Sources */ = {isa = PBXBuildFile; fileRef = 92A8F883229C0DF100860804 /* CustomError.swift */; };
		92A8F886229C0E4E00860804 /* CustomErrors.swift in Sources */ = {isa = PBXBuildFile; fileRef = 92A8F885229C0E4E00860804 /* CustomErrors.swift */; };
		92A8F888229C141700860804 /* Validator.swift in Sources */ = {isa = PBXBuildFile; fileRef = 92A8F887229C141700860804 /* Validator.swift */; };
		92B738A82282D5F70093F73C /* GoogleService-Info.plist in Resources */ = {isa = PBXBuildFile; fileRef = 92B738A72282D5F70093F73C /* GoogleService-Info.plist */; };
		92C98895227C8CA800E8BD7F /* AppDelegate.swift in Sources */ = {isa = PBXBuildFile; fileRef = 92C98894227C8CA800E8BD7F /* AppDelegate.swift */; };
		92C98897227C8CA800E8BD7F /* ViewController.swift in Sources */ = {isa = PBXBuildFile; fileRef = 92C98896227C8CA800E8BD7F /* ViewController.swift */; };
		92C9889C227C8CAA00E8BD7F /* Assets.xcassets in Resources */ = {isa = PBXBuildFile; fileRef = 92C9889B227C8CAA00E8BD7F /* Assets.xcassets */; };
		92C9889F227C8CAA00E8BD7F /* LaunchScreen.storyboard in Resources */ = {isa = PBXBuildFile; fileRef = 92C9889D227C8CAA00E8BD7F /* LaunchScreen.storyboard */; };
		92C988AA227C8CAA00E8BD7F /* DVVKTests.swift in Sources */ = {isa = PBXBuildFile; fileRef = 92C988A9227C8CAA00E8BD7F /* DVVKTests.swift */; };
		92C988B5227C8E7B00E8BD7F /* ViewController.xib in Resources */ = {isa = PBXBuildFile; fileRef = 92C988B4227C8E7B00E8BD7F /* ViewController.xib */; };
		92CC0C26227D4949000D0B17 /* Router.swift in Sources */ = {isa = PBXBuildFile; fileRef = 92CC0C25227D4949000D0B17 /* Router.swift */; };
		92D9B326227DCEB100A76933 /* StartRouter.swift in Sources */ = {isa = PBXBuildFile; fileRef = 92D9B325227DCEB100A76933 /* StartRouter.swift */; };
		92D9B32A227DD1B100A76933 /* RegisterViewController.swift in Sources */ = {isa = PBXBuildFile; fileRef = 92D9B328227DD1B100A76933 /* RegisterViewController.swift */; };
		92D9B32B227DD1B100A76933 /* RegisterViewController.xib in Resources */ = {isa = PBXBuildFile; fileRef = 92D9B329227DD1B100A76933 /* RegisterViewController.xib */; };
		92D9B32F227DD3EE00A76933 /* PhotoView.swift in Sources */ = {isa = PBXBuildFile; fileRef = 92D9B32E227DD3EE00A76933 /* PhotoView.swift */; };
		92D9B334227DD4AE00A76933 /* NibLoadable.swift in Sources */ = {isa = PBXBuildFile; fileRef = 92D9B333227DD4AE00A76933 /* NibLoadable.swift */; };
		92E76A002282A5B600439ABD /* HeightContainable.swift in Sources */ = {isa = PBXBuildFile; fileRef = 92E769FF2282A5B600439ABD /* HeightContainable.swift */; };
		92E76A022282A6D700439ABD /* Typealiases.swift in Sources */ = {isa = PBXBuildFile; fileRef = 92E76A012282A6D700439ABD /* Typealiases.swift */; };
		92E7B2BB228C7AC5005F1A0D /* SegmenterTableViewCell.swift in Sources */ = {isa = PBXBuildFile; fileRef = 92E7B2B9228C7AC5005F1A0D /* SegmenterTableViewCell.swift */; };
		92E7B2BC228C7AC5005F1A0D /* SegmenterTableViewCell.xib in Resources */ = {isa = PBXBuildFile; fileRef = 92E7B2BA228C7AC5005F1A0D /* SegmenterTableViewCell.xib */; };
		92FA0E342292949B00AF78BE /* RegisterModel.swift in Sources */ = {isa = PBXBuildFile; fileRef = 92FA0E332292949B00AF78BE /* RegisterModel.swift */; };
		92FA0E362292967F00AF78BE /* Sex.swift in Sources */ = {isa = PBXBuildFile; fileRef = 92FA0E352292967F00AF78BE /* Sex.swift */; };
		92FA0E3822929C1A00AF78BE /* Extensions+UIViewController.swift in Sources */ = {isa = PBXBuildFile; fileRef = 92FA0E3722929C1A00AF78BE /* Extensions+UIViewController.swift */; };
		9B4D2E01D709BE12B23247B2 /* Pods_DVVK.framework in Frameworks */ = {isa = PBXBuildFile; fileRef = EE986F003A53E11AEACB7FC3 /* Pods_DVVK.framework */; };
/* End PBXBuildFile section */

/* Begin PBXContainerItemProxy section */
		92C988A6227C8CAA00E8BD7F /* PBXContainerItemProxy */ = {
			isa = PBXContainerItemProxy;
			containerPortal = 92C98889227C8CA800E8BD7F /* Project object */;
			proxyType = 1;
			remoteGlobalIDString = 92C98890227C8CA800E8BD7F;
			remoteInfo = DVVK;
		};
/* End PBXContainerItemProxy section */

/* Begin PBXFileReference section */
		29C1ABDC8DC6CF09414108B4 /* Pods-DVVK.debug.xcconfig */ = {isa = PBXFileReference; includeInIndex = 1; lastKnownFileType = text.xcconfig; name = "Pods-DVVK.debug.xcconfig"; path = "Target Support Files/Pods-DVVK/Pods-DVVK.debug.xcconfig"; sourceTree = "<group>"; };
		482443A7285DB07BECD66478 /* Pods-DVVK.release.xcconfig */ = {isa = PBXFileReference; includeInIndex = 1; lastKnownFileType = text.xcconfig; name = "Pods-DVVK.release.xcconfig"; path = "Target Support Files/Pods-DVVK/Pods-DVVK.release.xcconfig"; sourceTree = "<group>"; };
		920F50FB229809D3000DC4E2 /* Utilites.swift */ = {isa = PBXFileReference; lastKnownFileType = sourcecode.swift; path = Utilites.swift; sourceTree = "<group>"; };
		925D754D228D337300ABD650 /* TextTableViewCell.swift */ = {isa = PBXFileReference; lastKnownFileType = sourcecode.swift; path = TextTableViewCell.swift; sourceTree = "<group>"; };
		925D754E228D337300ABD650 /* TextTableViewCell.xib */ = {isa = PBXFileReference; lastKnownFileType = file.xib; path = TextTableViewCell.xib; sourceTree = "<group>"; };
		925D7552228D465F00ABD650 /* TextFieldTableViewCell.swift */ = {isa = PBXFileReference; lastKnownFileType = sourcecode.swift; path = TextFieldTableViewCell.swift; sourceTree = "<group>"; };
		925D7553228D465F00ABD650 /* TextFieldTableViewCell.xib */ = {isa = PBXFileReference; lastKnownFileType = file.xib; path = TextFieldTableViewCell.xib; sourceTree = "<group>"; };
		926C2E0F2281C6BA001FC1D2 /* Extension+UIView.swift */ = {isa = PBXFileReference; lastKnownFileType = sourcecode.swift; path = "Extension+UIView.swift"; sourceTree = "<group>"; };
		926C2E112281C9E9001FC1D2 /* Extensions+NSLayoutConstraint.swift */ = {isa = PBXFileReference; lastKnownFileType = sourcecode.swift; path = "Extensions+NSLayoutConstraint.swift"; sourceTree = "<group>"; };
		926C2E162281DB07001FC1D2 /* InfoUserTableViewCell.swift */ = {isa = PBXFileReference; lastKnownFileType = sourcecode.swift; path = InfoUserTableViewCell.swift; sourceTree = "<group>"; };
		926C2E172281DB07001FC1D2 /* InfoUserTableViewCell.xib */ = {isa = PBXFileReference; lastKnownFileType = file.xib; path = InfoUserTableViewCell.xib; sourceTree = "<group>"; };
		9271393B228BFACD00CC441B /* HeaderTitleView.swift */ = {isa = PBXFileReference; lastKnownFileType = sourcecode.swift; path = HeaderTitleView.swift; sourceTree = "<group>"; };
		9271393D228BFB3E00CC441B /* HeaderTitleView.xib */ = {isa = PBXFileReference; lastKnownFileType = file.xib; path = HeaderTitleView.xib; sourceTree = "<group>"; };
		9271393F228BFF5300CC441B /* CellHeaderProtocol.swift */ = {isa = PBXFileReference; lastKnownFileType = sourcecode.swift; path = CellHeaderProtocol.swift; sourceTree = "<group>"; };
		9295BB21229D06A400050C91 /* StorageManager.swift */ = {isa = PBXFileReference; lastKnownFileType = sourcecode.swift; path = StorageManager.swift; sourceTree = "<group>"; };
		9295BB23229D596300050C91 /* AuthResult.swift */ = {isa = PBXFileReference; lastKnownFileType = sourcecode.swift; path = AuthResult.swift; sourceTree = "<group>"; };
		9295BB28229D60F200050C91 /* LoginViewController.swift */ = {isa = PBXFileReference; lastKnownFileType = sourcecode.swift; path = LoginViewController.swift; sourceTree = "<group>"; };
		9295BB29229D60F200050C91 /* LoginViewController.xib */ = {isa = PBXFileReference; lastKnownFileType = file.xib; path = LoginViewController.xib; sourceTree = "<group>"; };
		9295BB2D229D651500050C91 /* TextField.swift */ = {isa = PBXFileReference; lastKnownFileType = sourcecode.swift; path = TextField.swift; sourceTree = "<group>"; };
		929BD5912297D3F0003B6B62 /* AuthManager.swift */ = {isa = PBXFileReference; lastKnownFileType = sourcecode.swift; path = AuthManager.swift; sourceTree = "<group>"; };
		92A4577C229D923F00D1C47D /* FeedViewController.swift */ = {isa = PBXFileReference; lastKnownFileType = sourcecode.swift; path = FeedViewController.swift; sourceTree = "<group>"; };
		92A4577D229D923F00D1C47D /* FeedViewController.xib */ = {isa = PBXFileReference; lastKnownFileType = file.xib; path = FeedViewController.xib; sourceTree = "<group>"; };
		92A45781229D940F00D1C47D /* UserHeaderView.xib */ = {isa = PBXFileReference; lastKnownFileType = file.xib; path = UserHeaderView.xib; sourceTree = "<group>"; };
		92A45783229D96A400D1C47D /* UserHeaderView.swift */ = {isa = PBXFileReference; lastKnownFileType = sourcecode.swift; path = UserHeaderView.swift; sourceTree = "<group>"; };
		92A8F883229C0DF100860804 /* CustomError.swift */ = {isa = PBXFileReference; lastKnownFileType = sourcecode.swift; path = CustomError.swift; sourceTree = "<group>"; };
		92A8F885229C0E4E00860804 /* CustomErrors.swift */ = {isa = PBXFileReference; lastKnownFileType = sourcecode.swift; path = CustomErrors.swift; sourceTree = "<group>"; };
		92A8F887229C141700860804 /* Validator.swift */ = {isa = PBXFileReference; lastKnownFileType = sourcecode.swift; path = Validator.swift; sourceTree = "<group>"; };
		92B738A72282D5F70093F73C /* GoogleService-Info.plist */ = {isa = PBXFileReference; lastKnownFileType = text.plist; name = "GoogleService-Info.plist"; path = "../../../Downloads/GoogleService-Info.plist"; sourceTree = "<group>"; };
		92C98891227C8CA800E8BD7F /* DVVK.app */ = {isa = PBXFileReference; explicitFileType = wrapper.application; includeInIndex = 0; path = DVVK.app; sourceTree = BUILT_PRODUCTS_DIR; };
		92C98894227C8CA800E8BD7F /* AppDelegate.swift */ = {isa = PBXFileReference; lastKnownFileType = sourcecode.swift; path = AppDelegate.swift; sourceTree = "<group>"; };
		92C98896227C8CA800E8BD7F /* ViewController.swift */ = {isa = PBXFileReference; lastKnownFileType = sourcecode.swift; path = ViewController.swift; sourceTree = "<group>"; };
		92C9889B227C8CAA00E8BD7F /* Assets.xcassets */ = {isa = PBXFileReference; lastKnownFileType = folder.assetcatalog; path = Assets.xcassets; sourceTree = "<group>"; };
		92C9889E227C8CAA00E8BD7F /* Base */ = {isa = PBXFileReference; lastKnownFileType = file.storyboard; name = Base; path = Base.lproj/LaunchScreen.storyboard; sourceTree = "<group>"; };
		92C988A0227C8CAA00E8BD7F /* Info.plist */ = {isa = PBXFileReference; lastKnownFileType = text.plist.xml; path = Info.plist; sourceTree = "<group>"; };
		92C988A5227C8CAA00E8BD7F /* DVVKTests.xctest */ = {isa = PBXFileReference; explicitFileType = wrapper.cfbundle; includeInIndex = 0; path = DVVKTests.xctest; sourceTree = BUILT_PRODUCTS_DIR; };
		92C988A9227C8CAA00E8BD7F /* DVVKTests.swift */ = {isa = PBXFileReference; lastKnownFileType = sourcecode.swift; path = DVVKTests.swift; sourceTree = "<group>"; };
		92C988AB227C8CAA00E8BD7F /* Info.plist */ = {isa = PBXFileReference; lastKnownFileType = text.plist.xml; path = Info.plist; sourceTree = "<group>"; };
		92C988B4227C8E7B00E8BD7F /* ViewController.xib */ = {isa = PBXFileReference; lastKnownFileType = file.xib; path = ViewController.xib; sourceTree = "<group>"; };
		92CC0C25227D4949000D0B17 /* Router.swift */ = {isa = PBXFileReference; lastKnownFileType = sourcecode.swift; path = Router.swift; sourceTree = "<group>"; };
		92D9B325227DCEB100A76933 /* StartRouter.swift */ = {isa = PBXFileReference; lastKnownFileType = sourcecode.swift; path = StartRouter.swift; sourceTree = "<group>"; };
		92D9B328227DD1B100A76933 /* RegisterViewController.swift */ = {isa = PBXFileReference; lastKnownFileType = sourcecode.swift; path = RegisterViewController.swift; sourceTree = "<group>"; };
		92D9B329227DD1B100A76933 /* RegisterViewController.xib */ = {isa = PBXFileReference; lastKnownFileType = file.xib; path = RegisterViewController.xib; sourceTree = "<group>"; };
		92D9B32E227DD3EE00A76933 /* PhotoView.swift */ = {isa = PBXFileReference; lastKnownFileType = sourcecode.swift; path = PhotoView.swift; sourceTree = "<group>"; };
		92D9B333227DD4AE00A76933 /* NibLoadable.swift */ = {isa = PBXFileReference; lastKnownFileType = sourcecode.swift; path = NibLoadable.swift; sourceTree = "<group>"; };
		92E769FF2282A5B600439ABD /* HeightContainable.swift */ = {isa = PBXFileReference; lastKnownFileType = sourcecode.swift; path = HeightContainable.swift; sourceTree = "<group>"; };
		92E76A012282A6D700439ABD /* Typealiases.swift */ = {isa = PBXFileReference; lastKnownFileType = sourcecode.swift; path = Typealiases.swift; sourceTree = "<group>"; };
		92E7B2B9228C7AC5005F1A0D /* SegmenterTableViewCell.swift */ = {isa = PBXFileReference; lastKnownFileType = sourcecode.swift; path = SegmenterTableViewCell.swift; sourceTree = "<group>"; };
		92E7B2BA228C7AC5005F1A0D /* SegmenterTableViewCell.xib */ = {isa = PBXFileReference; lastKnownFileType = file.xib; path = SegmenterTableViewCell.xib; sourceTree = "<group>"; };
		92FA0E332292949B00AF78BE /* RegisterModel.swift */ = {isa = PBXFileReference; lastKnownFileType = sourcecode.swift; path = RegisterModel.swift; sourceTree = "<group>"; };
		92FA0E352292967F00AF78BE /* Sex.swift */ = {isa = PBXFileReference; lastKnownFileType = sourcecode.swift; path = Sex.swift; sourceTree = "<group>"; };
		92FA0E3722929C1A00AF78BE /* Extensions+UIViewController.swift */ = {isa = PBXFileReference; lastKnownFileType = sourcecode.swift; path = "Extensions+UIViewController.swift"; sourceTree = "<group>"; };
		EE986F003A53E11AEACB7FC3 /* Pods_DVVK.framework */ = {isa = PBXFileReference; explicitFileType = wrapper.framework; includeInIndex = 0; path = Pods_DVVK.framework; sourceTree = BUILT_PRODUCTS_DIR; };
/* End PBXFileReference section */

/* Begin PBXFrameworksBuildPhase section */
		92C9888E227C8CA800E8BD7F /* Frameworks */ = {
			isa = PBXFrameworksBuildPhase;
			buildActionMask = 2147483647;
			files = (
				9B4D2E01D709BE12B23247B2 /* Pods_DVVK.framework in Frameworks */,
			);
			runOnlyForDeploymentPostprocessing = 0;
		};
		92C988A2227C8CAA00E8BD7F /* Frameworks */ = {
			isa = PBXFrameworksBuildPhase;
			buildActionMask = 2147483647;
			files = (
			);
			runOnlyForDeploymentPostprocessing = 0;
		};
/* End PBXFrameworksBuildPhase section */

/* Begin PBXGroup section */
		6E68D6336868E90235B8BDEB /* Frameworks */ = {
			isa = PBXGroup;
			children = (
				EE986F003A53E11AEACB7FC3 /* Pods_DVVK.framework */,
			);
			name = Frameworks;
			sourceTree = "<group>";
		};
		8142E2D70E23790ACC05DC4E /* Pods */ = {
			isa = PBXGroup;
			children = (
				29C1ABDC8DC6CF09414108B4 /* Pods-DVVK.debug.xcconfig */,
				482443A7285DB07BECD66478 /* Pods-DVVK.release.xcconfig */,
			);
			path = Pods;
			sourceTree = "<group>";
		};
		920F50FA22980983000DC4E2 /* Help files */ = {
			isa = PBXGroup;
			children = (
				920F50FB229809D3000DC4E2 /* Utilites.swift */,
				92A8F887229C141700860804 /* Validator.swift */,
			);
			path = "Help files";
			sourceTree = "<group>";
		};
		921EEF8F228C51E600C1EAEC /* Info User Cell */ = {
			isa = PBXGroup;
			children = (
				926C2E162281DB07001FC1D2 /* InfoUserTableViewCell.swift */,
				926C2E172281DB07001FC1D2 /* InfoUserTableViewCell.xib */,
			);
			path = "Info User Cell";
			sourceTree = "<group>";
		};
		925D754C228D32FD00ABD650 /* Text Cell */ = {
			isa = PBXGroup;
			children = (
				925D754D228D337300ABD650 /* TextTableViewCell.swift */,
				925D754E228D337300ABD650 /* TextTableViewCell.xib */,
			);
			path = "Text Cell";
			sourceTree = "<group>";
		};
		925D7551228D457300ABD650 /*  Text Field Cell */ = {
			isa = PBXGroup;
			children = (
				925D7552228D465F00ABD650 /* TextFieldTableViewCell.swift */,
				925D7553228D465F00ABD650 /* TextFieldTableViewCell.xib */,
			);
			path = " Text Field Cell";
			sourceTree = "<group>";
		};
		926C2E0E2281C64A001FC1D2 /* Extension */ = {
			isa = PBXGroup;
			children = (
				926C2E0F2281C6BA001FC1D2 /* Extension+UIView.swift */,
				926C2E112281C9E9001FC1D2 /* Extensions+NSLayoutConstraint.swift */,
				92FA0E3722929C1A00AF78BE /* Extensions+UIViewController.swift */,
			);
			path = Extension;
			sourceTree = "<group>";
		};
		926C2E132281D998001FC1D2 /* Cells */ = {
			isa = PBXGroup;
			children = (
				925D7551228D457300ABD650 /*  Text Field Cell */,
				925D754C228D32FD00ABD650 /* Text Cell */,
				92E7B2B8228C793B005F1A0D /* Segmenter Cell */,
				921EEF8F228C51E600C1EAEC /* Info User Cell */,
			);
			path = Cells;
			sourceTree = "<group>";
		};
		9271393A228BFA8300CC441B /* Header Title View */ = {
			isa = PBXGroup;
			children = (
				9271393B228BFACD00CC441B /* HeaderTitleView.swift */,
				9271393D228BFB3E00CC441B /* HeaderTitleView.xib */,
			);
			path = "Header Title View";
			sourceTree = "<group>";
		};
		9295BB27229D609000050C91 /* Login */ = {
			isa = PBXGroup;
			children = (
				9295BB28229D60F200050C91 /* LoginViewController.swift */,
				9295BB29229D60F200050C91 /* LoginViewController.xib */,
			);
			path = Login;
			sourceTree = "<group>";
		};
		9295BB2C229D63E900050C91 /* TextFieds */ = {
			isa = PBXGroup;
			children = (
				9295BB2D229D651500050C91 /* TextField.swift */,
			);
			path = TextFieds;
			sourceTree = "<group>";
		};
		929BD5902297D31F003B6B62 /* Managers */ = {
			isa = PBXGroup;
			children = (
				929BD5912297D3F0003B6B62 /* AuthManager.swift */,
				9295BB21229D06A400050C91 /* StorageManager.swift */,
			);
			path = Managers;
			sourceTree = "<group>";
		};
		92A4577B229D914E00D1C47D /* Feed */ = {
			isa = PBXGroup;
			children = (
				92A4577C229D923F00D1C47D /* FeedViewController.swift */,
				92A4577D229D923F00D1C47D /* FeedViewController.xib */,
			);
			path = Feed;
			sourceTree = "<group>";
		};
		92A45780229D937300D1C47D /* User Header */ = {
			isa = PBXGroup;
			children = (
				92A45781229D940F00D1C47D /* UserHeaderView.xib */,
				92A45783229D96A400D1C47D /* UserHeaderView.swift */,
			);
			path = "User Header";
			sourceTree = "<group>";
		};
		92C98888227C8CA800E8BD7F = {
			isa = PBXGroup;
			children = (
				92C98893227C8CA800E8BD7F /* DVVK */,
				92C988A8227C8CAA00E8BD7F /* DVVKTests */,
				92C98892227C8CA800E8BD7F /* Products */,
				8142E2D70E23790ACC05DC4E /* Pods */,
				6E68D6336868E90235B8BDEB /* Frameworks */,
			);
			sourceTree = "<group>";
		};
		92C98892227C8CA800E8BD7F /* Products */ = {
			isa = PBXGroup;
			children = (
				92C98891227C8CA800E8BD7F /* DVVK.app */,
				92C988A5227C8CAA00E8BD7F /* DVVKTests.xctest */,
			);
			name = Products;
			sourceTree = "<group>";
		};
		92C98893227C8CA800E8BD7F /* DVVK */ = {
			isa = PBXGroup;
			children = (
				92C988A0227C8CAA00E8BD7F /* Info.plist */,
				92B738A72282D5F70093F73C /* GoogleService-Info.plist */,
				92CC0C1D227D46B9000D0B17 /* Classes */,
				92CC0C1E227D4709000D0B17 /* Resources */,
			);
			path = DVVK;
			sourceTree = "<group>";
		};
		92C988A8227C8CAA00E8BD7F /* DVVKTests */ = {
			isa = PBXGroup;
			children = (
				92C988A9227C8CAA00E8BD7F /* DVVKTests.swift */,
				92C988AB227C8CAA00E8BD7F /* Info.plist */,
			);
			path = DVVKTests;
			sourceTree = "<group>";
		};
		92CC0C1D227D46B9000D0B17 /* Classes */ = {
			isa = PBXGroup;
			children = (
				92C98894227C8CA800E8BD7F /* AppDelegate.swift */,
				920F50FA22980983000DC4E2 /* Help files */,
				929BD5902297D31F003B6B62 /* Managers */,
				92E769FA22829F1000439ABD /* Models */,
				926C2E0E2281C64A001FC1D2 /* Extension */,
				92D9B332227DD44400A76933 /* Protocols */,
				92CC0C24227D4895000D0B17 /* Routers */,
				92CC0C23227D481E000D0B17 /* Screens */,
				92D9B32C227DD27900A76933 /* Custom Views */,
			);
			path = Classes;
			sourceTree = "<group>";
		};
		92CC0C1E227D4709000D0B17 /* Resources */ = {
			isa = PBXGroup;
			children = (
				92C9889B227C8CAA00E8BD7F /* Assets.xcassets */,
				92C9889D227C8CAA00E8BD7F /* LaunchScreen.storyboard */,
			);
			path = Resources;
			sourceTree = "<group>";
		};
		92CC0C1F227D47AE000D0B17 /* Start */ = {
			isa = PBXGroup;
			children = (
				92C98896227C8CA800E8BD7F /* ViewController.swift */,
				92C988B4227C8E7B00E8BD7F /* ViewController.xib */,
			);
			path = Start;
			sourceTree = "<group>";
		};
		92CC0C23227D481E000D0B17 /* Screens */ = {
			isa = PBXGroup;
			children = (
				92A4577B229D914E00D1C47D /* Feed */,
				9295BB27229D609000050C91 /* Login */,
				92D9B327227DD16F00A76933 /* Register */,
				92CC0C1F227D47AE000D0B17 /* Start */,
			);
			path = Screens;
			sourceTree = "<group>";
		};
		92CC0C24227D4895000D0B17 /* Routers */ = {
			isa = PBXGroup;
			children = (
				92CC0C25227D4949000D0B17 /* Router.swift */,
				92D9B325227DCEB100A76933 /* StartRouter.swift */,
			);
			path = Routers;
			sourceTree = "<group>";
		};
		92D9B327227DD16F00A76933 /* Register */ = {
			isa = PBXGroup;
			children = (
				92D9B328227DD1B100A76933 /* RegisterViewController.swift */,
				92D9B329227DD1B100A76933 /* RegisterViewController.xib */,
			);
			path = Register;
			sourceTree = "<group>";
		};
		92D9B32C227DD27900A76933 /* Custom Views */ = {
			isa = PBXGroup;
			children = (
				92A45780229D937300D1C47D /* User Header */,
				9295BB2C229D63E900050C91 /* TextFieds */,
				9271393A228BFA8300CC441B /* Header Title View */,
				926C2E132281D998001FC1D2 /* Cells */,
				92D9B32D227DD3AD00A76933 /* Photo View */,
			);
			path = "Custom Views";
			sourceTree = "<group>";
		};
		92D9B32D227DD3AD00A76933 /* Photo View */ = {
			isa = PBXGroup;
			children = (
				92D9B32E227DD3EE00A76933 /* PhotoView.swift */,
			);
			path = "Photo View";
			sourceTree = "<group>";
		};
		92D9B332227DD44400A76933 /* Protocols */ = {
			isa = PBXGroup;
			children = (
				92D9B333227DD4AE00A76933 /* NibLoadable.swift */,
				92E769FF2282A5B600439ABD /* HeightContainable.swift */,
				92E76A012282A6D700439ABD /* Typealiases.swift */,
				9271393F228BFF5300CC441B /* CellHeaderProtocol.swift */,
				92A8F885229C0E4E00860804 /* CustomErrors.swift */,
			);
			path = Protocols;
			sourceTree = "<group>";
		};
		92E769FA22829F1000439ABD /* Models */ = {
			isa = PBXGroup;
			children = (
				92FA0E332292949B00AF78BE /* RegisterModel.swift */,
				92FA0E352292967F00AF78BE /* Sex.swift */,
				92A8F883229C0DF100860804 /* CustomError.swift */,
				9295BB23229D596300050C91 /* AuthResult.swift */,
			);
			path = Models;
			sourceTree = "<group>";
		};
		92E7B2B8228C793B005F1A0D /* Segmenter Cell */ = {
			isa = PBXGroup;
			children = (
				92E7B2B9228C7AC5005F1A0D /* SegmenterTableViewCell.swift */,
				92E7B2BA228C7AC5005F1A0D /* SegmenterTableViewCell.xib */,
			);
			path = "Segmenter Cell";
			sourceTree = "<group>";
		};
/* End PBXGroup section */

/* Begin PBXNativeTarget section */
		92C98890227C8CA800E8BD7F /* DVVK */ = {
			isa = PBXNativeTarget;
			buildConfigurationList = 92C988AE227C8CAA00E8BD7F /* Build configuration list for PBXNativeTarget "DVVK" */;
			buildPhases = (
				AA29AD7151D1728D05F57A82 /* [CP] Check Pods Manifest.lock */,
				92C9888D227C8CA800E8BD7F /* Sources */,
				92C9888E227C8CA800E8BD7F /* Frameworks */,
				92C9888F227C8CA800E8BD7F /* Resources */,
				E8E6FA82CAEB4B1F783CB7CA /* [CP] Embed Pods Frameworks */,
			);
			buildRules = (
			);
			dependencies = (
			);
			name = DVVK;
			productName = DVVK;
			productReference = 92C98891227C8CA800E8BD7F /* DVVK.app */;
			productType = "com.apple.product-type.application";
		};
		92C988A4227C8CAA00E8BD7F /* DVVKTests */ = {
			isa = PBXNativeTarget;
			buildConfigurationList = 92C988B1227C8CAA00E8BD7F /* Build configuration list for PBXNativeTarget "DVVKTests" */;
			buildPhases = (
				92C988A1227C8CAA00E8BD7F /* Sources */,
				92C988A2227C8CAA00E8BD7F /* Frameworks */,
				92C988A3227C8CAA00E8BD7F /* Resources */,
			);
			buildRules = (
			);
			dependencies = (
				92C988A7227C8CAA00E8BD7F /* PBXTargetDependency */,
			);
			name = DVVKTests;
			productName = DVVKTests;
			productReference = 92C988A5227C8CAA00E8BD7F /* DVVKTests.xctest */;
			productType = "com.apple.product-type.bundle.unit-test";
		};
/* End PBXNativeTarget section */

/* Begin PBXProject section */
		92C98889227C8CA800E8BD7F /* Project object */ = {
			isa = PBXProject;
			attributes = {
				LastSwiftUpdateCheck = 1020;
				LastUpgradeCheck = 1020;
				ORGANIZATIONNAME = Denis;
				TargetAttributes = {
					92C98890227C8CA800E8BD7F = {
						CreatedOnToolsVersion = 10.2.1;
					};
					92C988A4227C8CAA00E8BD7F = {
						CreatedOnToolsVersion = 10.2.1;
						TestTargetID = 92C98890227C8CA800E8BD7F;
					};
				};
			};
			buildConfigurationList = 92C9888C227C8CA800E8BD7F /* Build configuration list for PBXProject "DVVK" */;
			compatibilityVersion = "Xcode 9.3";
			developmentRegion = en;
			hasScannedForEncodings = 0;
			knownRegions = (
				en,
				Base,
			);
			mainGroup = 92C98888227C8CA800E8BD7F;
			productRefGroup = 92C98892227C8CA800E8BD7F /* Products */;
			projectDirPath = "";
			projectRoot = "";
			targets = (
				92C98890227C8CA800E8BD7F /* DVVK */,
				92C988A4227C8CAA00E8BD7F /* DVVKTests */,
			);
		};
/* End PBXProject section */

/* Begin PBXResourcesBuildPhase section */
		92C9888F227C8CA800E8BD7F /* Resources */ = {
			isa = PBXResourcesBuildPhase;
			buildActionMask = 2147483647;
			files = (
				92E7B2BC228C7AC5005F1A0D /* SegmenterTableViewCell.xib in Resources */,
				926C2E192281DB07001FC1D2 /* InfoUserTableViewCell.xib in Resources */,
				9295BB2B229D60F200050C91 /* LoginViewController.xib in Resources */,
				9271393E228BFB3E00CC441B /* HeaderTitleView.xib in Resources */,
				92A45782229D940F00D1C47D /* UserHeaderView.xib in Resources */,
				92C9889F227C8CAA00E8BD7F /* LaunchScreen.storyboard in Resources */,
				92C988B5227C8E7B00E8BD7F /* ViewController.xib in Resources */,
				92C9889C227C8CAA00E8BD7F /* Assets.xcassets in Resources */,
				925D7550228D337300ABD650 /* TextTableViewCell.xib in Resources */,
				925D7555228D465F00ABD650 /* TextFieldTableViewCell.xib in Resources */,
				92D9B32B227DD1B100A76933 /* RegisterViewController.xib in Resources */,
				92A4577F229D923F00D1C47D /* FeedViewController.xib in Resources */,
				92B738A82282D5F70093F73C /* GoogleService-Info.plist in Resources */,
			);
			runOnlyForDeploymentPostprocessing = 0;
		};
		92C988A3227C8CAA00E8BD7F /* Resources */ = {
			isa = PBXResourcesBuildPhase;
			buildActionMask = 2147483647;
			files = (
			);
			runOnlyForDeploymentPostprocessing = 0;
		};
/* End PBXResourcesBuildPhase section */

/* Begin PBXShellScriptBuildPhase section */
		AA29AD7151D1728D05F57A82 /* [CP] Check Pods Manifest.lock */ = {
			isa = PBXShellScriptBuildPhase;
			buildActionMask = 2147483647;
			files = (
			);
			inputFileListPaths = (
			);
			inputPaths = (
				"${PODS_PODFILE_DIR_PATH}/Podfile.lock",
				"${PODS_ROOT}/Manifest.lock",
			);
			name = "[CP] Check Pods Manifest.lock";
			outputFileListPaths = (
			);
			outputPaths = (
				"$(DERIVED_FILE_DIR)/Pods-DVVK-checkManifestLockResult.txt",
			);
			runOnlyForDeploymentPostprocessing = 0;
			shellPath = /bin/sh;
			shellScript = "diff \"${PODS_PODFILE_DIR_PATH}/Podfile.lock\" \"${PODS_ROOT}/Manifest.lock\" > /dev/null\nif [ $? != 0 ] ; then\n    # print error to STDERR\n    echo \"error: The sandbox is not in sync with the Podfile.lock. Run 'pod install' or update your CocoaPods installation.\" >&2\n    exit 1\nfi\n# This output is used by Xcode 'outputs' to avoid re-running this script phase.\necho \"SUCCESS\" > \"${SCRIPT_OUTPUT_FILE_0}\"\n";
			showEnvVarsInLog = 0;
		};
		E8E6FA82CAEB4B1F783CB7CA /* [CP] Embed Pods Frameworks */ = {
			isa = PBXShellScriptBuildPhase;
			buildActionMask = 2147483647;
			files = (
			);
			inputFileListPaths = (
			);
			inputPaths = (
				"${PODS_ROOT}/Target Support Files/Pods-DVVK/Pods-DVVK-frameworks.sh",
				"${BUILT_PRODUCTS_DIR}/ARSLineProgress/ARSLineProgress.framework",
				"${BUILT_PRODUCTS_DIR}/GTMSessionFetcher/GTMSessionFetcher.framework",
				"${BUILT_PRODUCTS_DIR}/GoogleUtilities/GoogleUtilities.framework",
				"${BUILT_PRODUCTS_DIR}/leveldb-library/leveldb.framework",
				"${BUILT_PRODUCTS_DIR}/nanopb/nanopb.framework",
			);
			name = "[CP] Embed Pods Frameworks";
			outputFileListPaths = (
			);
			outputPaths = (
				"${TARGET_BUILD_DIR}/${FRAMEWORKS_FOLDER_PATH}/ARSLineProgress.framework",
				"${TARGET_BUILD_DIR}/${FRAMEWORKS_FOLDER_PATH}/GTMSessionFetcher.framework",
				"${TARGET_BUILD_DIR}/${FRAMEWORKS_FOLDER_PATH}/GoogleUtilities.framework",
				"${TARGET_BUILD_DIR}/${FRAMEWORKS_FOLDER_PATH}/leveldb.framework",
				"${TARGET_BUILD_DIR}/${FRAMEWORKS_FOLDER_PATH}/nanopb.framework",
			);
			runOnlyForDeploymentPostprocessing = 0;
			shellPath = /bin/sh;
			shellScript = "\"${PODS_ROOT}/Target Support Files/Pods-DVVK/Pods-DVVK-frameworks.sh\"\n";
			showEnvVarsInLog = 0;
		};
/* End PBXShellScriptBuildPhase section */

/* Begin PBXSourcesBuildPhase section */
		92C9888D227C8CA800E8BD7F /* Sources */ = {
			isa = PBXSourcesBuildPhase;
			buildActionMask = 2147483647;
			files = (
				9295BB2A229D60F200050C91 /* LoginViewController.swift in Sources */,
				92A8F884229C0DF100860804 /* CustomError.swift in Sources */,
				925D754F228D337300ABD650 /* TextTableViewCell.swift in Sources */,
				92A45784229D96A400D1C47D /* UserHeaderView.swift in Sources */,
				9295BB24229D596400050C91 /* AuthResult.swift in Sources */,
				929BD5922297D3F0003B6B62 /* AuthManager.swift in Sources */,
				926C2E122281C9E9001FC1D2 /* Extensions+NSLayoutConstraint.swift in Sources */,
				92C98897227C8CA800E8BD7F /* ViewController.swift in Sources */,
				920F50FC229809D3000DC4E2 /* Utilites.swift in Sources */,
				9271393C228BFACD00CC441B /* HeaderTitleView.swift in Sources */,
				92D9B32A227DD1B100A76933 /* RegisterViewController.swift in Sources */,
				92E7B2BB228C7AC5005F1A0D /* SegmenterTableViewCell.swift in Sources */,
				926C2E102281C6BA001FC1D2 /* Extension+UIView.swift in Sources */,
				926C2E182281DB07001FC1D2 /* InfoUserTableViewCell.swift in Sources */,
				92FA0E342292949B00AF78BE /* RegisterModel.swift in Sources */,
				92D9B334227DD4AE00A76933 /* NibLoadable.swift in Sources */,
				92A8F886229C0E4E00860804 /* CustomErrors.swift in Sources */,
				92CC0C26227D4949000D0B17 /* Router.swift in Sources */,
				92E76A002282A5B600439ABD /* HeightContainable.swift in Sources */,
				92FA0E3822929C1A00AF78BE /* Extensions+UIViewController.swift in Sources */,
				92713940228BFF5300CC441B /* CellHeaderProtocol.swift in Sources */,
				92E76A022282A6D700439ABD /* Typealiases.swift in Sources */,
				92FA0E362292967F00AF78BE /* Sex.swift in Sources */,
				92A4577E229D923F00D1C47D /* FeedViewController.swift in Sources */,
				9295BB2E229D651500050C91 /* TextField.swift in Sources */,
				92D9B32F227DD3EE00A76933 /* PhotoView.swift in Sources */,
				92C98895227C8CA800E8BD7F /* AppDelegate.swift in Sources */,
				92A8F888229C141700860804 /* Validator.swift in Sources */,
				925D7554228D465F00ABD650 /* TextFieldTableViewCell.swift in Sources */,
				92D9B326227DCEB100A76933 /* StartRouter.swift in Sources */,
				9295BB22229D06A400050C91 /* StorageManager.swift in Sources */,
			);
			runOnlyForDeploymentPostprocessing = 0;
		};
		92C988A1227C8CAA00E8BD7F /* Sources */ = {
			isa = PBXSourcesBuildPhase;
			buildActionMask = 2147483647;
			files = (
				92C988AA227C8CAA00E8BD7F /* DVVKTests.swift in Sources */,
			);
			runOnlyForDeploymentPostprocessing = 0;
		};
/* End PBXSourcesBuildPhase section */

/* Begin PBXTargetDependency section */
		92C988A7227C8CAA00E8BD7F /* PBXTargetDependency */ = {
			isa = PBXTargetDependency;
			target = 92C98890227C8CA800E8BD7F /* DVVK */;
			targetProxy = 92C988A6227C8CAA00E8BD7F /* PBXContainerItemProxy */;
		};
/* End PBXTargetDependency section */

/* Begin PBXVariantGroup section */
		92C9889D227C8CAA00E8BD7F /* LaunchScreen.storyboard */ = {
			isa = PBXVariantGroup;
			children = (
				92C9889E227C8CAA00E8BD7F /* Base */,
			);
			name = LaunchScreen.storyboard;
			sourceTree = "<group>";
		};
/* End PBXVariantGroup section */

/* Begin XCBuildConfiguration section */
		92C988AC227C8CAA00E8BD7F /* Debug */ = {
			isa = XCBuildConfiguration;
			buildSettings = {
				ALWAYS_SEARCH_USER_PATHS = NO;
				CLANG_ANALYZER_NONNULL = YES;
				CLANG_ANALYZER_NUMBER_OBJECT_CONVERSION = YES_AGGRESSIVE;
				CLANG_CXX_LANGUAGE_STANDARD = "gnu++14";
				CLANG_CXX_LIBRARY = "libc++";
				CLANG_ENABLE_MODULES = YES;
				CLANG_ENABLE_OBJC_ARC = YES;
				CLANG_ENABLE_OBJC_WEAK = YES;
				CLANG_WARN_BLOCK_CAPTURE_AUTORELEASING = YES;
				CLANG_WARN_BOOL_CONVERSION = YES;
				CLANG_WARN_COMMA = YES;
				CLANG_WARN_CONSTANT_CONVERSION = YES;
				CLANG_WARN_DEPRECATED_OBJC_IMPLEMENTATIONS = YES;
				CLANG_WARN_DIRECT_OBJC_ISA_USAGE = YES_ERROR;
				CLANG_WARN_DOCUMENTATION_COMMENTS = YES;
				CLANG_WARN_EMPTY_BODY = YES;
				CLANG_WARN_ENUM_CONVERSION = YES;
				CLANG_WARN_INFINITE_RECURSION = YES;
				CLANG_WARN_INT_CONVERSION = YES;
				CLANG_WARN_NON_LITERAL_NULL_CONVERSION = YES;
				CLANG_WARN_OBJC_IMPLICIT_RETAIN_SELF = YES;
				CLANG_WARN_OBJC_LITERAL_CONVERSION = YES;
				CLANG_WARN_OBJC_ROOT_CLASS = YES_ERROR;
				CLANG_WARN_RANGE_LOOP_ANALYSIS = YES;
				CLANG_WARN_STRICT_PROTOTYPES = YES;
				CLANG_WARN_SUSPICIOUS_MOVE = YES;
				CLANG_WARN_UNGUARDED_AVAILABILITY = YES_AGGRESSIVE;
				CLANG_WARN_UNREACHABLE_CODE = YES;
				CLANG_WARN__DUPLICATE_METHOD_MATCH = YES;
				CODE_SIGN_IDENTITY = "iPhone Developer";
				COPY_PHASE_STRIP = NO;
				DEBUG_INFORMATION_FORMAT = dwarf;
				ENABLE_STRICT_OBJC_MSGSEND = YES;
				ENABLE_TESTABILITY = YES;
				GCC_C_LANGUAGE_STANDARD = gnu11;
				GCC_DYNAMIC_NO_PIC = NO;
				GCC_NO_COMMON_BLOCKS = YES;
				GCC_OPTIMIZATION_LEVEL = 0;
				GCC_PREPROCESSOR_DEFINITIONS = (
					"DEBUG=1",
					"$(inherited)",
				);
				GCC_WARN_64_TO_32_BIT_CONVERSION = YES;
				GCC_WARN_ABOUT_RETURN_TYPE = YES_ERROR;
				GCC_WARN_UNDECLARED_SELECTOR = YES;
				GCC_WARN_UNINITIALIZED_AUTOS = YES_AGGRESSIVE;
				GCC_WARN_UNUSED_FUNCTION = YES;
				GCC_WARN_UNUSED_VARIABLE = YES;
				IPHONEOS_DEPLOYMENT_TARGET = 12.2;
				MTL_ENABLE_DEBUG_INFO = INCLUDE_SOURCE;
				MTL_FAST_MATH = YES;
				ONLY_ACTIVE_ARCH = YES;
				SDKROOT = iphoneos;
				SWIFT_ACTIVE_COMPILATION_CONDITIONS = DEBUG;
				SWIFT_OPTIMIZATION_LEVEL = "-Onone";
			};
			name = Debug;
		};
		92C988AD227C8CAA00E8BD7F /* Release */ = {
			isa = XCBuildConfiguration;
			buildSettings = {
				ALWAYS_SEARCH_USER_PATHS = NO;
				CLANG_ANALYZER_NONNULL = YES;
				CLANG_ANALYZER_NUMBER_OBJECT_CONVERSION = YES_AGGRESSIVE;
				CLANG_CXX_LANGUAGE_STANDARD = "gnu++14";
				CLANG_CXX_LIBRARY = "libc++";
				CLANG_ENABLE_MODULES = YES;
				CLANG_ENABLE_OBJC_ARC = YES;
				CLANG_ENABLE_OBJC_WEAK = YES;
				CLANG_WARN_BLOCK_CAPTURE_AUTORELEASING = YES;
				CLANG_WARN_BOOL_CONVERSION = YES;
				CLANG_WARN_COMMA = YES;
				CLANG_WARN_CONSTANT_CONVERSION = YES;
				CLANG_WARN_DEPRECATED_OBJC_IMPLEMENTATIONS = YES;
				CLANG_WARN_DIRECT_OBJC_ISA_USAGE = YES_ERROR;
				CLANG_WARN_DOCUMENTATION_COMMENTS = YES;
				CLANG_WARN_EMPTY_BODY = YES;
				CLANG_WARN_ENUM_CONVERSION = YES;
				CLANG_WARN_INFINITE_RECURSION = YES;
				CLANG_WARN_INT_CONVERSION = YES;
				CLANG_WARN_NON_LITERAL_NULL_CONVERSION = YES;
				CLANG_WARN_OBJC_IMPLICIT_RETAIN_SELF = YES;
				CLANG_WARN_OBJC_LITERAL_CONVERSION = YES;
				CLANG_WARN_OBJC_ROOT_CLASS = YES_ERROR;
				CLANG_WARN_RANGE_LOOP_ANALYSIS = YES;
				CLANG_WARN_STRICT_PROTOTYPES = YES;
				CLANG_WARN_SUSPICIOUS_MOVE = YES;
				CLANG_WARN_UNGUARDED_AVAILABILITY = YES_AGGRESSIVE;
				CLANG_WARN_UNREACHABLE_CODE = YES;
				CLANG_WARN__DUPLICATE_METHOD_MATCH = YES;
				CODE_SIGN_IDENTITY = "iPhone Developer";
				COPY_PHASE_STRIP = NO;
				DEBUG_INFORMATION_FORMAT = "dwarf-with-dsym";
				ENABLE_NS_ASSERTIONS = NO;
				ENABLE_STRICT_OBJC_MSGSEND = YES;
				GCC_C_LANGUAGE_STANDARD = gnu11;
				GCC_NO_COMMON_BLOCKS = YES;
				GCC_WARN_64_TO_32_BIT_CONVERSION = YES;
				GCC_WARN_ABOUT_RETURN_TYPE = YES_ERROR;
				GCC_WARN_UNDECLARED_SELECTOR = YES;
				GCC_WARN_UNINITIALIZED_AUTOS = YES_AGGRESSIVE;
				GCC_WARN_UNUSED_FUNCTION = YES;
				GCC_WARN_UNUSED_VARIABLE = YES;
				IPHONEOS_DEPLOYMENT_TARGET = 12.2;
				MTL_ENABLE_DEBUG_INFO = NO;
				MTL_FAST_MATH = YES;
				SDKROOT = iphoneos;
				SWIFT_COMPILATION_MODE = wholemodule;
				SWIFT_OPTIMIZATION_LEVEL = "-O";
				VALIDATE_PRODUCT = YES;
			};
			name = Release;
		};
		92C988AF227C8CAA00E8BD7F /* Debug */ = {
			isa = XCBuildConfiguration;
			baseConfigurationReference = 29C1ABDC8DC6CF09414108B4 /* Pods-DVVK.debug.xcconfig */;
			buildSettings = {
				ASSETCATALOG_COMPILER_APPICON_NAME = AppIcon;
				CODE_SIGN_STYLE = Automatic;
				DEVELOPMENT_TEAM = PATBM8VT3G;
				INFOPLIST_FILE = DVVK/Info.plist;
				IPHONEOS_DEPLOYMENT_TARGET = 12.2;
				LD_RUNPATH_SEARCH_PATHS = (
					"$(inherited)",
					"@executable_path/Frameworks",
				);
				PRODUCT_BUNDLE_IDENTIFIER = com.DVitishko.DVVK.DVVK;
				PRODUCT_NAME = "$(TARGET_NAME)";
				SWIFT_VERSION = 5.0;
				TARGETED_DEVICE_FAMILY = "1,2";
			};
			name = Debug;
		};
		92C988B0227C8CAA00E8BD7F /* Release */ = {
			isa = XCBuildConfiguration;
			baseConfigurationReference = 482443A7285DB07BECD66478 /* Pods-DVVK.release.xcconfig */;
			buildSettings = {
				ASSETCATALOG_COMPILER_APPICON_NAME = AppIcon;
				CODE_SIGN_STYLE = Automatic;
				DEVELOPMENT_TEAM = PATBM8VT3G;
				INFOPLIST_FILE = DVVK/Info.plist;
				IPHONEOS_DEPLOYMENT_TARGET = 12.2;
				LD_RUNPATH_SEARCH_PATHS = (
					"$(inherited)",
					"@executable_path/Frameworks",
				);
				PRODUCT_BUNDLE_IDENTIFIER = com.DVitishko.DVVK.DVVK;
				PRODUCT_NAME = "$(TARGET_NAME)";
				SWIFT_VERSION = 5.0;
				TARGETED_DEVICE_FAMILY = "1,2";
			};
			name = Release;
		};
		92C988B2227C8CAA00E8BD7F /* Debug */ = {
			isa = XCBuildConfiguration;
			buildSettings = {
				ALWAYS_EMBED_SWIFT_STANDARD_LIBRARIES = YES;
				BUNDLE_LOADER = "$(TEST_HOST)";
				CODE_SIGN_STYLE = Automatic;
				DEVELOPMENT_TEAM = PATBM8VT3G;
				INFOPLIST_FILE = DVVKTests/Info.plist;
				LD_RUNPATH_SEARCH_PATHS = (
					"$(inherited)",
					"@executable_path/Frameworks",
					"@loader_path/Frameworks",
				);
				PRODUCT_BUNDLE_IDENTIFIER = com.DVitishko.DVVK.DVVKTests;
				PRODUCT_NAME = "$(TARGET_NAME)";
				SWIFT_VERSION = 5.0;
				TARGETED_DEVICE_FAMILY = "1,2";
				TEST_HOST = "$(BUILT_PRODUCTS_DIR)/DVVK.app/DVVK";
			};
			name = Debug;
		};
		92C988B3227C8CAA00E8BD7F /* Release */ = {
			isa = XCBuildConfiguration;
			buildSettings = {
				ALWAYS_EMBED_SWIFT_STANDARD_LIBRARIES = YES;
				BUNDLE_LOADER = "$(TEST_HOST)";
				CODE_SIGN_STYLE = Automatic;
				DEVELOPMENT_TEAM = PATBM8VT3G;
				INFOPLIST_FILE = DVVKTests/Info.plist;
				LD_RUNPATH_SEARCH_PATHS = (
					"$(inherited)",
					"@executable_path/Frameworks",
					"@loader_path/Frameworks",
				);
				PRODUCT_BUNDLE_IDENTIFIER = com.DVitishko.DVVK.DVVKTests;
				PRODUCT_NAME = "$(TARGET_NAME)";
				SWIFT_VERSION = 5.0;
				TARGETED_DEVICE_FAMILY = "1,2";
				TEST_HOST = "$(BUILT_PRODUCTS_DIR)/DVVK.app/DVVK";
			};
			name = Release;
		};
/* End XCBuildConfiguration section */

/* Begin XCConfigurationList section */
		92C9888C227C8CA800E8BD7F /* Build configuration list for PBXProject "DVVK" */ = {
			isa = XCConfigurationList;
			buildConfigurations = (
				92C988AC227C8CAA00E8BD7F /* Debug */,
				92C988AD227C8CAA00E8BD7F /* Release */,
			);
			defaultConfigurationIsVisible = 0;
			defaultConfigurationName = Release;
		};
		92C988AE227C8CAA00E8BD7F /* Build configuration list for PBXNativeTarget "DVVK" */ = {
			isa = XCConfigurationList;
			buildConfigurations = (
				92C988AF227C8CAA00E8BD7F /* Debug */,
				92C988B0227C8CAA00E8BD7F /* Release */,
			);
			defaultConfigurationIsVisible = 0;
			defaultConfigurationName = Release;
		};
		92C988B1227C8CAA00E8BD7F /* Build configuration list for PBXNativeTarget "DVVKTests" */ = {
			isa = XCConfigurationList;
			buildConfigurations = (
				92C988B2227C8CAA00E8BD7F /* Debug */,
				92C988B3227C8CAA00E8BD7F /* Release */,
			);
			defaultConfigurationIsVisible = 0;
			defaultConfigurationName = Release;
		};
/* End XCConfigurationList section */
	};
	rootObject = 92C98889227C8CA800E8BD7F /* Project object */;
}
